
Microsoft Visual Studio Solution File, Format Version 12.00
# Visual Studio 15
VisualStudioVersion = 15.0.26228.4
MinimumVisualStudioVersion = 10.0.40219.1
Project("{FAE04EC0-301F-11D3-BF4B-00C04F79EFBC}") = "FirstTask", "FirstTask\FirstTask.csproj", "{99024EF2-998E-40CD-90F5-83FF2A55EECC}"
EndProject
Project("{FAE04EC0-301F-11D3-BF4B-00C04F79EFBC}") = "SecondTask", "SecondTask\SecondTask.csproj", "{FBC1EF6B-E272-4289-BDF7-F28EB5DDD5B9}"
EndProject
Project("{FAE04EC0-301F-11D3-BF4B-00C04F79EFBC}") = "ThirdTask", "ThirdTask\ThirdTask.csproj", "{E166C522-0CA6-4E97-93ED-E389E68B3435}"
EndProject
Project("{FAE04EC0-301F-11D3-BF4B-00C04F79EFBC}") = "FourTask", "FourTask\FourTask.csproj", "{C3885654-9283-4F74-A969-3ACCB4C9F1A7}"
EndProject
Project("{FAE04EC0-301F-11D3-BF4B-00C04F79EFBC}") = "FiveTask", "FiveTask\FiveTask.csproj", "{9F020717-B240-458F-B5FC-D8945935A481}"
EndProject
Global
	GlobalSection(SolutionConfigurationPlatforms) = preSolution
		Debug|Any CPU = Debug|Any CPU
		Release|Any CPU = Release|Any CPU
	EndGlobalSection
	GlobalSection(ProjectConfigurationPlatforms) = postSolution
		{99024EF2-998E-40CD-90F5-83FF2A55EECC}.Debug|Any CPU.ActiveCfg = Debug|Any CPU
		{99024EF2-998E-40CD-90F5-83FF2A55EECC}.Debug|Any CPU.Build.0 = Debug|Any CPU
		{99024EF2-998E-40CD-90F5-83FF2A55EECC}.Release|Any CPU.ActiveCfg = Release|Any CPU
		{99024EF2-998E-40CD-90F5-83FF2A55EECC}.Release|Any CPU.Build.0 = Release|Any CPU
		{FBC1EF6B-E272-4289-BDF7-F28EB5DDD5B9}.Debug|Any CPU.ActiveCfg = Debug|Any CPU
		{FBC1EF6B-E272-4289-BDF7-F28EB5DDD5B9}.Debug|Any CPU.Build.0 = Debug|Any CPU
		{FBC1EF6B-E272-4289-BDF7-F28EB5DDD5B9}.Release|Any CPU.ActiveCfg = Release|Any CPU
		{FBC1EF6B-E272-4289-BDF7-F28EB5DDD5B9}.Release|Any CPU.Build.0 = Release|Any CPU
		{E166C522-0CA6-4E97-93ED-E389E68B3435}.Debug|Any CPU.ActiveCfg = Debug|Any CPU
		{E166C522-0CA6-4E97-93ED-E389E68B3435}.Debug|Any CPU.Build.0 = Debug|Any CPU
		{E166C522-0CA6-4E97-93ED-E389E68B3435}.Release|Any CPU.ActiveCfg = Release|Any CPU
		{E166C522-0CA6-4E97-93ED-E389E68B3435}.Release|Any CPU.Build.0 = Release|Any CPU
		{C3885654-9283-4F74-A969-3ACCB4C9F1A7}.Debug|Any CPU.ActiveCfg = Debug|Any CPU
		{C3885654-9283-4F74-A969-3ACCB4C9F1A7}.Debug|Any CPU.Build.0 = Debug|Any CPU
		{C3885654-9283-4F74-A969-3ACCB4C9F1A7}.Release|Any CPU.ActiveCfg = Release|Any CPU
		{C3885654-9283-4F74-A969-3ACCB4C9F1A7}.Release|Any CPU.Build.0 = Release|Any CPU
		{9F020717-B240-458F-B5FC-D8945935A481}.Debug|Any CPU.ActiveCfg = Debug|Any CPU
		{9F020717-B240-458F-B5FC-D8945935A481}.Debug|Any CPU.Build.0 = Debug|Any CPU
		{9F020717-B240-458F-B5FC-D8945935A481}.Release|Any CPU.ActiveCfg = Release|Any CPU
		{9F020717-B240-458F-B5FC-D8945935A481}.Release|Any CPU.Build.0 = Release|Any CPU
	EndGlobalSection
	GlobalSection(SolutionProperties) = preSolution
		HideSolutionNode = FALSE
	EndGlobalSection
EndGlobal
